
Microsoft Visual Studio Solution File, Format Version 12.00
# Visual Studio 15
VisualStudioVersion = 15.0.28010.2036
MinimumVisualStudioVersion = 10.0.40219.1
Project("{FAE04EC0-301F-11D3-BF4B-00C04F79EFBC}") = "RestingLogger", "RestingLogger\RestingLogger.csproj", "{631C3EDA-C48B-4662-BBD5-3DC6613658DB}"
EndProject
Global
	GlobalSection(SolutionConfigurationPlatforms) = preSolution
		Debug|Any CPU = Debug|Any CPU
		Release|Any CPU = Release|Any CPU
	EndGlobalSection
	GlobalSection(ProjectConfigurationPlatforms) = postSolution
		{631C3EDA-C48B-4662-BBD5-3DC6613658DB}.Debug|Any CPU.ActiveCfg = Debug|Any CPU
		{631C3EDA-C48B-4662-BBD5-3DC6613658DB}.Debug|Any CPU.Build.0 = Debug|Any CPU
		{631C3EDA-C48B-4662-BBD5-3DC6613658DB}.Release|Any CPU.ActiveCfg = Release|Any CPU
		{631C3EDA-C48B-4662-BBD5-3DC6613658DB}.Release|Any CPU.Build.0 = Release|Any CPU
	EndGlobalSection
	GlobalSection(SolutionProperties) = preSolution
		HideSolutionNode = FALSE
	EndGlobalSection
	GlobalSection(ExtensibilityGlobals) = postSolution
		SolutionGuid = {1D75F81D-BE42-4F8F-BF75-CD9245EDBC5D}
	EndGlobalSection
EndGlobal
